// !$*UTF8*$!
{
	archiveVersion = 1;
	classes = {
	};
	objectVersion = 56;
	objects = {

/* Begin PBXBuildFile section */
		DD28EAD22B8A17B7002801D0 /* SwiftFormAppApp.swift in Sources */ = {isa = PBXBuildFile; fileRef = DD28EAD12B8A17B7002801D0 /* SwiftFormAppApp.swift */; };
		DD28EAD42B8A17B7002801D0 /* ContentView.swift in Sources */ = {isa = PBXBuildFile; fileRef = DD28EAD32B8A17B7002801D0 /* ContentView.swift */; };
		DD28EAD62B8A17B8002801D0 /* Assets.xcassets in Resources */ = {isa = PBXBuildFile; fileRef = DD28EAD52B8A17B8002801D0 /* Assets.xcassets */; };
		DD28EAD92B8A17B8002801D0 /* Preview Assets.xcassets in Resources */ = {isa = PBXBuildFile; fileRef = DD28EAD82B8A17B8002801D0 /* Preview Assets.xcassets */; };
		DD28EAE12B8A1814002801D0 /* TextFieldFormView.swift in Sources */ = {isa = PBXBuildFile; fileRef = DD28EAE02B8A1814002801D0 /* TextFieldFormView.swift */; };
		DD28EAE32B8A195E002801D0 /* DateFormView.swift in Sources */ = {isa = PBXBuildFile; fileRef = DD28EAE22B8A195E002801D0 /* DateFormView.swift */; };
		DD28EAE52B8A1A50002801D0 /* ButtonFormView.swift in Sources */ = {isa = PBXBuildFile; fileRef = DD28EAE42B8A1A50002801D0 /* ButtonFormView.swift */; };
		DD28EAE92B8A1B7B002801D0 /* FormItem.swift in Sources */ = {isa = PBXBuildFile; fileRef = DD28EAE82B8A1B7B002801D0 /* FormItem.swift */; };
		DD47BC2B2B8B63F100CD651A /* FormContentBuilder.swift in Sources */ = {isa = PBXBuildFile; fileRef = DD47BC2A2B8B63F100CD651A /* FormContentBuilder.swift */; };
		DD47BC2F2B8B6A3600CD651A /* RegexPatterns.swift in Sources */ = {isa = PBXBuildFile; fileRef = DD47BC2E2B8B6A3600CD651A /* RegexPatterns.swift */; };
		DD47BC322B8B6B7500CD651A /* RegexFormItem.swift in Sources */ = {isa = PBXBuildFile; fileRef = DD47BC312B8B6B7500CD651A /* RegexFormItem.swift */; };
		DD47BC352B8B6BAB00CD651A /* ValidationError.swift in Sources */ = {isa = PBXBuildFile; fileRef = DD47BC342B8B6BAB00CD651A /* ValidationError.swift */; };
		DD47BC382B8B6C6400CD651A /* ValidationManager.swift in Sources */ = {isa = PBXBuildFile; fileRef = DD47BC372B8B6C6400CD651A /* ValidationManager.swift */; };
		DD47BC3B2B8B804400CD651A /* FormState.swift in Sources */ = {isa = PBXBuildFile; fileRef = DD47BC3A2B8B804400CD651A /* FormState.swift */; };
/* End PBXBuildFile section */

/* Begin PBXFileReference section */
		DD28EACE2B8A17B7002801D0 /* SwiftFormApp.app */ = {isa = PBXFileReference; explicitFileType = wrapper.application; includeInIndex = 0; path = SwiftFormApp.app; sourceTree = BUILT_PRODUCTS_DIR; };
		DD28EAD12B8A17B7002801D0 /* SwiftFormAppApp.swift */ = {isa = PBXFileReference; lastKnownFileType = sourcecode.swift; path = SwiftFormAppApp.swift; sourceTree = "<group>"; };
		DD28EAD32B8A17B7002801D0 /* ContentView.swift */ = {isa = PBXFileReference; lastKnownFileType = sourcecode.swift; path = ContentView.swift; sourceTree = "<group>"; };
		DD28EAD52B8A17B8002801D0 /* Assets.xcassets */ = {isa = PBXFileReference; lastKnownFileType = folder.assetcatalog; path = Assets.xcassets; sourceTree = "<group>"; };
		DD28EAD82B8A17B8002801D0 /* Preview Assets.xcassets */ = {isa = PBXFileReference; lastKnownFileType = folder.assetcatalog; path = "Preview Assets.xcassets"; sourceTree = "<group>"; };
		DD28EAE02B8A1814002801D0 /* TextFieldFormView.swift */ = {isa = PBXFileReference; lastKnownFileType = sourcecode.swift; path = TextFieldFormView.swift; sourceTree = "<group>"; };
		DD28EAE22B8A195E002801D0 /* DateFormView.swift */ = {isa = PBXFileReference; lastKnownFileType = sourcecode.swift; path = DateFormView.swift; sourceTree = "<group>"; };
		DD28EAE42B8A1A50002801D0 /* ButtonFormView.swift */ = {isa = PBXFileReference; lastKnownFileType = sourcecode.swift; path = ButtonFormView.swift; sourceTree = "<group>"; };
		DD28EAE82B8A1B7B002801D0 /* FormItem.swift */ = {isa = PBXFileReference; lastKnownFileType = sourcecode.swift; path = FormItem.swift; sourceTree = "<group>"; };
		DD47BC2A2B8B63F100CD651A /* FormContentBuilder.swift */ = {isa = PBXFileReference; lastKnownFileType = sourcecode.swift; path = FormContentBuilder.swift; sourceTree = "<group>"; };
		DD47BC2E2B8B6A3600CD651A /* RegexPatterns.swift */ = {isa = PBXFileReference; lastKnownFileType = sourcecode.swift; path = RegexPatterns.swift; sourceTree = "<group>"; };
		DD47BC312B8B6B7500CD651A /* RegexFormItem.swift */ = {isa = PBXFileReference; lastKnownFileType = sourcecode.swift; path = RegexFormItem.swift; sourceTree = "<group>"; };
		DD47BC342B8B6BAB00CD651A /* ValidationError.swift */ = {isa = PBXFileReference; lastKnownFileType = sourcecode.swift; path = ValidationError.swift; sourceTree = "<group>"; };
		DD47BC372B8B6C6400CD651A /* ValidationManager.swift */ = {isa = PBXFileReference; lastKnownFileType = sourcecode.swift; path = ValidationManager.swift; sourceTree = "<group>"; };
		DD47BC3A2B8B804400CD651A /* FormState.swift */ = {isa = PBXFileReference; lastKnownFileType = sourcecode.swift; path = FormState.swift; sourceTree = "<group>"; };
/* End PBXFileReference section */

/* Begin PBXFrameworksBuildPhase section */
		DD28EACB2B8A17B7002801D0 /* Frameworks */ = {
			isa = PBXFrameworksBuildPhase;
			buildActionMask = 2147483647;
			files = (
			);
			runOnlyForDeploymentPostprocessing = 0;
		};
/* End PBXFrameworksBuildPhase section */

/* Begin PBXGroup section */
		DD28EAC52B8A17B7002801D0 = {
			isa = PBXGroup;
			children = (
				DD28EAD02B8A17B7002801D0 /* SwiftFormApp */,
				DD28EACF2B8A17B7002801D0 /* Products */,
			);
			sourceTree = "<group>";
		};
		DD28EACF2B8A17B7002801D0 /* Products */ = {
			isa = PBXGroup;
			children = (
				DD28EACE2B8A17B7002801D0 /* SwiftFormApp.app */,
			);
			name = Products;
			sourceTree = "<group>";
		};
		DD28EAD02B8A17B7002801D0 /* SwiftFormApp */ = {
			isa = PBXGroup;
			children = (
				DD28EAE62B8A1B53002801D0 /* Form */,
				DD28EAD12B8A17B7002801D0 /* SwiftFormAppApp.swift */,
				DD28EAD32B8A17B7002801D0 /* ContentView.swift */,
				DD28EAD52B8A17B8002801D0 /* Assets.xcassets */,
				DD28EAD72B8A17B8002801D0 /* Preview Content */,
			);
			path = SwiftFormApp;
			sourceTree = "<group>";
		};
		DD28EAD72B8A17B8002801D0 /* Preview Content */ = {
			isa = PBXGroup;
			children = (
				DD28EAD82B8A17B8002801D0 /* Preview Assets.xcassets */,
			);
			path = "Preview Content";
			sourceTree = "<group>";
		};
		DD28EADF2B8A17F3002801D0 /* Views */ = {
			isa = PBXGroup;
			children = (
				DD28EAE02B8A1814002801D0 /* TextFieldFormView.swift */,
				DD28EAE22B8A195E002801D0 /* DateFormView.swift */,
				DD28EAE42B8A1A50002801D0 /* ButtonFormView.swift */,
			);
			path = Views;
			sourceTree = "<group>";
		};
		DD28EAE62B8A1B53002801D0 /* Form */ = {
			isa = PBXGroup;
			children = (
				DD47BC392B8B803900CD651A /* Event */,
				DD47BC2C2B8B6A1800CD651A /* Regex */,
				DD47BC292B8B63E400CD651A /* Builder */,
				DD28EAE72B8A1B6E002801D0 /* Model */,
				DD28EADF2B8A17F3002801D0 /* Views */,
			);
			path = Form;
			sourceTree = "<group>";
		};
		DD28EAE72B8A1B6E002801D0 /* Model */ = {
			isa = PBXGroup;
			children = (
				DD28EAE82B8A1B7B002801D0 /* FormItem.swift */,
			);
			path = Model;
			sourceTree = "<group>";
		};
		DD47BC292B8B63E400CD651A /* Builder */ = {
			isa = PBXGroup;
			children = (
				DD47BC2A2B8B63F100CD651A /* FormContentBuilder.swift */,
			);
			path = Builder;
			sourceTree = "<group>";
		};
		DD47BC2C2B8B6A1800CD651A /* Regex */ = {
			isa = PBXGroup;
			children = (
				DD47BC362B8B6C5500CD651A /* Manager */,
				DD47BC332B8B6B9400CD651A /* Error */,
				DD47BC302B8B6B6200CD651A /* Model */,
				DD47BC2D2B8B6A2500CD651A /* Patterns */,
			);
			path = Regex;
			sourceTree = "<group>";
		};
		DD47BC2D2B8B6A2500CD651A /* Patterns */ = {
			isa = PBXGroup;
			children = (
				DD47BC2E2B8B6A3600CD651A /* RegexPatterns.swift */,
			);
			path = Patterns;
			sourceTree = "<group>";
		};
		DD47BC302B8B6B6200CD651A /* Model */ = {
			isa = PBXGroup;
			children = (
				DD47BC312B8B6B7500CD651A /* RegexFormItem.swift */,
			);
			path = Model;
			sourceTree = "<group>";
		};
		DD47BC332B8B6B9400CD651A /* Error */ = {
			isa = PBXGroup;
			children = (
				DD47BC342B8B6BAB00CD651A /* ValidationError.swift */,
			);
			path = Error;
			sourceTree = "<group>";
		};
		DD47BC362B8B6C5500CD651A /* Manager */ = {
			isa = PBXGroup;
			children = (
				DD47BC372B8B6C6400CD651A /* ValidationManager.swift */,
			);
			path = Manager;
			sourceTree = "<group>";
		};
		DD47BC392B8B803900CD651A /* Event */ = {
			isa = PBXGroup;
			children = (
				DD47BC3A2B8B804400CD651A /* FormState.swift */,
			);
			path = Event;
			sourceTree = "<group>";
		};
/* End PBXGroup section */

/* Begin PBXNativeTarget section */
		DD28EACD2B8A17B7002801D0 /* SwiftFormApp */ = {
			isa = PBXNativeTarget;
			buildConfigurationList = DD28EADC2B8A17B8002801D0 /* Build configuration list for PBXNativeTarget "SwiftFormApp" */;
			buildPhases = (
				DD28EACA2B8A17B7002801D0 /* Sources */,
				DD28EACB2B8A17B7002801D0 /* Frameworks */,
				DD28EACC2B8A17B7002801D0 /* Resources */,
			);
			buildRules = (
			);
			dependencies = (
			);
			name = SwiftFormApp;
			productName = SwiftFormApp;
			productReference = DD28EACE2B8A17B7002801D0 /* SwiftFormApp.app */;
			productType = "com.apple.product-type.application";
		};
/* End PBXNativeTarget section */

/* Begin PBXProject section */
		DD28EAC62B8A17B7002801D0 /* Project object */ = {
			isa = PBXProject;
			attributes = {
				BuildIndependentTargetsInParallel = 1;
				LastSwiftUpdateCheck = 1520;
				LastUpgradeCheck = 1520;
				TargetAttributes = {
					DD28EACD2B8A17B7002801D0 = {
						CreatedOnToolsVersion = 15.2;
					};
				};
			};
			buildConfigurationList = DD28EAC92B8A17B7002801D0 /* Build configuration list for PBXProject "SwiftFormApp" */;
			compatibilityVersion = "Xcode 14.0";
			developmentRegion = en;
			hasScannedForEncodings = 0;
			knownRegions = (
				en,
				Base,
			);
			mainGroup = DD28EAC52B8A17B7002801D0;
			productRefGroup = DD28EACF2B8A17B7002801D0 /* Products */;
			projectDirPath = "";
			projectRoot = "";
			targets = (
				DD28EACD2B8A17B7002801D0 /* SwiftFormApp */,
			);
		};
/* End PBXProject section */

/* Begin PBXResourcesBuildPhase section */
		DD28EACC2B8A17B7002801D0 /* Resources */ = {
			isa = PBXResourcesBuildPhase;
			buildActionMask = 2147483647;
			files = (
				DD28EAD92B8A17B8002801D0 /* Preview Assets.xcassets in Resources */,
				DD28EAD62B8A17B8002801D0 /* Assets.xcassets in Resources */,
			);
			runOnlyForDeploymentPostprocessing = 0;
		};
/* End PBXResourcesBuildPhase section */

/* Begin PBXSourcesBuildPhase section */
		DD28EACA2B8A17B7002801D0 /* Sources */ = {
			isa = PBXSourcesBuildPhase;
			buildActionMask = 2147483647;
			files = (
				DD47BC382B8B6C6400CD651A /* ValidationManager.swift in Sources */,
				DD28EAD42B8A17B7002801D0 /* ContentView.swift in Sources */,
				DD47BC352B8B6BAB00CD651A /* ValidationError.swift in Sources */,
				DD28EAE52B8A1A50002801D0 /* ButtonFormView.swift in Sources */,
				DD47BC2F2B8B6A3600CD651A /* RegexPatterns.swift in Sources */,
				DD28EAE12B8A1814002801D0 /* TextFieldFormView.swift in Sources */,
				DD28EAE32B8A195E002801D0 /* DateFormView.swift in Sources */,
				DD47BC3B2B8B804400CD651A /* FormState.swift in Sources */,
				DD47BC2B2B8B63F100CD651A /* FormContentBuilder.swift in Sources */,
				DD47BC322B8B6B7500CD651A /* RegexFormItem.swift in Sources */,
				DD28EAE92B8A1B7B002801D0 /* FormItem.swift in Sources */,
				DD28EAD22B8A17B7002801D0 /* SwiftFormAppApp.swift in Sources */,
			);
			runOnlyForDeploymentPostprocessing = 0;
		};
/* End PBXSourcesBuildPhase section */

/* Begin XCBuildConfiguration section */
		DD28EADA2B8A17B8002801D0 /* Debug */ = {
			isa = XCBuildConfiguration;
			buildSettings = {
				ALWAYS_SEARCH_USER_PATHS = NO;
				ASSETCATALOG_COMPILER_GENERATE_SWIFT_ASSET_SYMBOL_EXTENSIONS = YES;
				CLANG_ANALYZER_NONNULL = YES;
				CLANG_ANALYZER_NUMBER_OBJECT_CONVERSION = YES_AGGRESSIVE;
				CLANG_CXX_LANGUAGE_STANDARD = "gnu++20";
				CLANG_ENABLE_MODULES = YES;
				CLANG_ENABLE_OBJC_ARC = YES;
				CLANG_ENABLE_OBJC_WEAK = YES;
				CLANG_WARN_BLOCK_CAPTURE_AUTORELEASING = YES;
				CLANG_WARN_BOOL_CONVERSION = YES;
				CLANG_WARN_COMMA = YES;
				CLANG_WARN_CONSTANT_CONVERSION = YES;
				CLANG_WARN_DEPRECATED_OBJC_IMPLEMENTATIONS = YES;
				CLANG_WARN_DIRECT_OBJC_ISA_USAGE = YES_ERROR;
				CLANG_WARN_DOCUMENTATION_COMMENTS = YES;
				CLANG_WARN_EMPTY_BODY = YES;
				CLANG_WARN_ENUM_CONVERSION = YES;
				CLANG_WARN_INFINITE_RECURSION = YES;
				CLANG_WARN_INT_CONVERSION = YES;
				CLANG_WARN_NON_LITERAL_NULL_CONVERSION = YES;
				CLANG_WARN_OBJC_IMPLICIT_RETAIN_SELF = YES;
				CLANG_WARN_OBJC_LITERAL_CONVERSION = YES;
				CLANG_WARN_OBJC_ROOT_CLASS = YES_ERROR;
				CLANG_WARN_QUOTED_INCLUDE_IN_FRAMEWORK_HEADER = YES;
				CLANG_WARN_RANGE_LOOP_ANALYSIS = YES;
				CLANG_WARN_STRICT_PROTOTYPES = YES;
				CLANG_WARN_SUSPICIOUS_MOVE = YES;
				CLANG_WARN_UNGUARDED_AVAILABILITY = YES_AGGRESSIVE;
				CLANG_WARN_UNREACHABLE_CODE = YES;
				CLANG_WARN__DUPLICATE_METHOD_MATCH = YES;
				COPY_PHASE_STRIP = NO;
				DEBUG_INFORMATION_FORMAT = dwarf;
				ENABLE_STRICT_OBJC_MSGSEND = YES;
				ENABLE_TESTABILITY = YES;
				ENABLE_USER_SCRIPT_SANDBOXING = YES;
				GCC_C_LANGUAGE_STANDARD = gnu17;
				GCC_DYNAMIC_NO_PIC = NO;
				GCC_NO_COMMON_BLOCKS = YES;
				GCC_OPTIMIZATION_LEVEL = 0;
				GCC_PREPROCESSOR_DEFINITIONS = (
					"DEBUG=1",
					"$(inherited)",
				);
				GCC_WARN_64_TO_32_BIT_CONVERSION = YES;
				GCC_WARN_ABOUT_RETURN_TYPE = YES_ERROR;
				GCC_WARN_UNDECLARED_SELECTOR = YES;
				GCC_WARN_UNINITIALIZED_AUTOS = YES_AGGRESSIVE;
				GCC_WARN_UNUSED_FUNCTION = YES;
				GCC_WARN_UNUSED_VARIABLE = YES;
				IPHONEOS_DEPLOYMENT_TARGET = 17.2;
				LOCALIZATION_PREFERS_STRING_CATALOGS = YES;
				MTL_ENABLE_DEBUG_INFO = INCLUDE_SOURCE;
				MTL_FAST_MATH = YES;
				ONLY_ACTIVE_ARCH = YES;
				SDKROOT = iphoneos;
				SWIFT_ACTIVE_COMPILATION_CONDITIONS = "DEBUG $(inherited)";
				SWIFT_OPTIMIZATION_LEVEL = "-Onone";
			};
			name = Debug;
		};
		DD28EADB2B8A17B8002801D0 /* Release */ = {
			isa = XCBuildConfiguration;
			buildSettings = {
				ALWAYS_SEARCH_USER_PATHS = NO;
				ASSETCATALOG_COMPILER_GENERATE_SWIFT_ASSET_SYMBOL_EXTENSIONS = YES;
				CLANG_ANALYZER_NONNULL = YES;
				CLANG_ANALYZER_NUMBER_OBJECT_CONVERSION = YES_AGGRESSIVE;
				CLANG_CXX_LANGUAGE_STANDARD = "gnu++20";
				CLANG_ENABLE_MODULES = YES;
				CLANG_ENABLE_OBJC_ARC = YES;
				CLANG_ENABLE_OBJC_WEAK = YES;
				CLANG_WARN_BLOCK_CAPTURE_AUTORELEASING = YES;
				CLANG_WARN_BOOL_CONVERSION = YES;
				CLANG_WARN_COMMA = YES;
				CLANG_WARN_CONSTANT_CONVERSION = YES;
				CLANG_WARN_DEPRECATED_OBJC_IMPLEMENTATIONS = YES;
				CLANG_WARN_DIRECT_OBJC_ISA_USAGE = YES_ERROR;
				CLANG_WARN_DOCUMENTATION_COMMENTS = YES;
				CLANG_WARN_EMPTY_BODY = YES;
				CLANG_WARN_ENUM_CONVERSION = YES;
				CLANG_WARN_INFINITE_RECURSION = YES;
				CLANG_WARN_INT_CONVERSION = YES;
				CLANG_WARN_NON_LITERAL_NULL_CONVERSION = YES;
				CLANG_WARN_OBJC_IMPLICIT_RETAIN_SELF = YES;
				CLANG_WARN_OBJC_LITERAL_CONVERSION = YES;
				CLANG_WARN_OBJC_ROOT_CLASS = YES_ERROR;
				CLANG_WARN_QUOTED_INCLUDE_IN_FRAMEWORK_HEADER = YES;
				CLANG_WARN_RANGE_LOOP_ANALYSIS = YES;
				CLANG_WARN_STRICT_PROTOTYPES = YES;
				CLANG_WARN_SUSPICIOUS_MOVE = YES;
				CLANG_WARN_UNGUARDED_AVAILABILITY = YES_AGGRESSIVE;
				CLANG_WARN_UNREACHABLE_CODE = YES;
				CLANG_WARN__DUPLICATE_METHOD_MATCH = YES;
				COPY_PHASE_STRIP = NO;
				DEBUG_INFORMATION_FORMAT = "dwarf-with-dsym";
				ENABLE_NS_ASSERTIONS = NO;
				ENABLE_STRICT_OBJC_MSGSEND = YES;
				ENABLE_USER_SCRIPT_SANDBOXING = YES;
				GCC_C_LANGUAGE_STANDARD = gnu17;
				GCC_NO_COMMON_BLOCKS = YES;
				GCC_WARN_64_TO_32_BIT_CONVERSION = YES;
				GCC_WARN_ABOUT_RETURN_TYPE = YES_ERROR;
				GCC_WARN_UNDECLARED_SELECTOR = YES;
				GCC_WARN_UNINITIALIZED_AUTOS = YES_AGGRESSIVE;
				GCC_WARN_UNUSED_FUNCTION = YES;
				GCC_WARN_UNUSED_VARIABLE = YES;
				IPHONEOS_DEPLOYMENT_TARGET = 17.2;
				LOCALIZATION_PREFERS_STRING_CATALOGS = YES;
				MTL_ENABLE_DEBUG_INFO = NO;
				MTL_FAST_MATH = YES;
				SDKROOT = iphoneos;
				SWIFT_COMPILATION_MODE = wholemodule;
				VALIDATE_PRODUCT = YES;
			};
			name = Release;
		};
		DD28EADD2B8A17B8002801D0 /* Debug */ = {
			isa = XCBuildConfiguration;
			buildSettings = {
				ASSETCATALOG_COMPILER_APPICON_NAME = AppIcon;
				ASSETCATALOG_COMPILER_GLOBAL_ACCENT_COLOR_NAME = AccentColor;
				CODE_SIGN_STYLE = Automatic;
				CURRENT_PROJECT_VERSION = 1;
				DEVELOPMENT_ASSET_PATHS = "\"SwiftFormApp/Preview Content\"";
				DEVELOPMENT_TEAM = W49998LVKV;
				ENABLE_PREVIEWS = YES;
				GENERATE_INFOPLIST_FILE = YES;
				INFOPLIST_KEY_UIApplicationSceneManifest_Generation = YES;
				INFOPLIST_KEY_UIApplicationSupportsIndirectInputEvents = YES;
				INFOPLIST_KEY_UILaunchScreen_Generation = YES;
				INFOPLIST_KEY_UISupportedInterfaceOrientations_iPad = "UIInterfaceOrientationPortrait UIInterfaceOrientationPortraitUpsideDown UIInterfaceOrientationLandscapeLeft UIInterfaceOrientationLandscapeRight";
				INFOPLIST_KEY_UISupportedInterfaceOrientations_iPhone = "UIInterfaceOrientationPortrait UIInterfaceOrientationLandscapeLeft UIInterfaceOrientationLandscapeRight";
				LD_RUNPATH_SEARCH_PATHS = (
					"$(inherited)",
					"@executable_path/Frameworks",
				);
				MARKETING_VERSION = 1.0;
				PRODUCT_BUNDLE_IDENTIFIER = com.olegplugaru.SwiftFormApp;
				PRODUCT_NAME = "$(TARGET_NAME)";
				SWIFT_EMIT_LOC_STRINGS = YES;
				SWIFT_VERSION = 5.0;
				TARGETED_DEVICE_FAMILY = "1,2";
			};
			name = Debug;
		};
		DD28EADE2B8A17B8002801D0 /* Release */ = {
			isa = XCBuildConfiguration;
			buildSettings = {
				ASSETCATALOG_COMPILER_APPICON_NAME = AppIcon;
				ASSETCATALOG_COMPILER_GLOBAL_ACCENT_COLOR_NAME = AccentColor;
				CODE_SIGN_STYLE = Automatic;
				CURRENT_PROJECT_VERSION = 1;
				DEVELOPMENT_ASSET_PATHS = "\"SwiftFormApp/Preview Content\"";
				DEVELOPMENT_TEAM = W49998LVKV;
				ENABLE_PREVIEWS = YES;
				GENERATE_INFOPLIST_FILE = YES;
				INFOPLIST_KEY_UIApplicationSceneManifest_Generation = YES;
				INFOPLIST_KEY_UIApplicationSupportsIndirectInputEvents = YES;
				INFOPLIST_KEY_UILaunchScreen_Generation = YES;
				INFOPLIST_KEY_UISupportedInterfaceOrientations_iPad = "UIInterfaceOrientationPortrait UIInterfaceOrientationPortraitUpsideDown UIInterfaceOrientationLandscapeLeft UIInterfaceOrientationLandscapeRight";
				INFOPLIST_KEY_UISupportedInterfaceOrientations_iPhone = "UIInterfaceOrientationPortrait UIInterfaceOrientationLandscapeLeft UIInterfaceOrientationLandscapeRight";
				LD_RUNPATH_SEARCH_PATHS = (
					"$(inherited)",
					"@executable_path/Frameworks",
				);
				MARKETING_VERSION = 1.0;
				PRODUCT_BUNDLE_IDENTIFIER = com.olegplugaru.SwiftFormApp;
				PRODUCT_NAME = "$(TARGET_NAME)";
				SWIFT_EMIT_LOC_STRINGS = YES;
				SWIFT_VERSION = 5.0;
				TARGETED_DEVICE_FAMILY = "1,2";
			};
			name = Release;
		};
/* End XCBuildConfiguration section */

/* Begin XCConfigurationList section */
		DD28EAC92B8A17B7002801D0 /* Build configuration list for PBXProject "SwiftFormApp" */ = {
			isa = XCConfigurationList;
			buildConfigurations = (
				DD28EADA2B8A17B8002801D0 /* Debug */,
				DD28EADB2B8A17B8002801D0 /* Release */,
			);
			defaultConfigurationIsVisible = 0;
			defaultConfigurationName = Release;
		};
		DD28EADC2B8A17B8002801D0 /* Build configuration list for PBXNativeTarget "SwiftFormApp" */ = {
			isa = XCConfigurationList;
			buildConfigurations = (
				DD28EADD2B8A17B8002801D0 /* Debug */,
				DD28EADE2B8A17B8002801D0 /* Release */,
			);
			defaultConfigurationIsVisible = 0;
			defaultConfigurationName = Release;
		};
/* End XCConfigurationList section */
	};
	rootObject = DD28EAC62B8A17B7002801D0 /* Project object */;
}
